// !$*UTF8*$!
{
	archiveVersion = 1;
	classes = {
	};
	objectVersion = 46;
	objects = {

/* Begin PBXBuildFile section */
		4CAF4140D992528BD746CE29 /* Pods_taskapp.framework in Frameworks */ = {isa = PBXBuildFile; fileRef = 32E1A1C7CDB0A535956D0BF9 /* Pods_taskapp.framework */; };
		D8BFA7AB1E99D5D500E31952 /* AppDelegate.swift in Sources */ = {isa = PBXBuildFile; fileRef = D8BFA7AA1E99D5D500E31952 /* AppDelegate.swift */; };
		D8BFA7AD1E99D5D500E31952 /* ViewController.swift in Sources */ = {isa = PBXBuildFile; fileRef = D8BFA7AC1E99D5D500E31952 /* ViewController.swift */; };
		D8BFA7B01E99D5D500E31952 /* Main.storyboard in Resources */ = {isa = PBXBuildFile; fileRef = D8BFA7AE1E99D5D500E31952 /* Main.storyboard */; };
		D8BFA7B21E99D5D500E31952 /* Assets.xcassets in Resources */ = {isa = PBXBuildFile; fileRef = D8BFA7B11E99D5D500E31952 /* Assets.xcassets */; };
		D8BFA7B51E99D5D500E31952 /* LaunchScreen.storyboard in Resources */ = {isa = PBXBuildFile; fileRef = D8BFA7B31E99D5D500E31952 /* LaunchScreen.storyboard */; };
		D8BFA7BF1E99DA1900E31952 /* InputViewController.swift in Sources */ = {isa = PBXBuildFile; fileRef = D8BFA7BE1E99DA1900E31952 /* InputViewController.swift */; };
		D8BFA7C11E99DEFF00E31952 /* Task.swift in Sources */ = {isa = PBXBuildFile; fileRef = D8BFA7C01E99DEFF00E31952 /* Task.swift */; };
/* End PBXBuildFile section */

/* Begin PBXFileReference section */
		2529715D11E2649EDFDB3C72 /* Pods-taskapp.release.xcconfig */ = {isa = PBXFileReference; includeInIndex = 1; lastKnownFileType = text.xcconfig; name = "Pods-taskapp.release.xcconfig"; path = "Pods/Target Support Files/Pods-taskapp/Pods-taskapp.release.xcconfig"; sourceTree = "<group>"; };
		32E1A1C7CDB0A535956D0BF9 /* Pods_taskapp.framework */ = {isa = PBXFileReference; explicitFileType = wrapper.framework; includeInIndex = 0; path = Pods_taskapp.framework; sourceTree = BUILT_PRODUCTS_DIR; };
		D8BFA7A71E99D5D500E31952 /* taskapp.app */ = {isa = PBXFileReference; explicitFileType = wrapper.application; includeInIndex = 0; path = taskapp.app; sourceTree = BUILT_PRODUCTS_DIR; };
		D8BFA7AA1E99D5D500E31952 /* AppDelegate.swift */ = {isa = PBXFileReference; lastKnownFileType = sourcecode.swift; path = AppDelegate.swift; sourceTree = "<group>"; };
		D8BFA7AC1E99D5D500E31952 /* ViewController.swift */ = {isa = PBXFileReference; lastKnownFileType = sourcecode.swift; path = ViewController.swift; sourceTree = "<group>"; };
		D8BFA7AF1E99D5D500E31952 /* Base */ = {isa = PBXFileReference; lastKnownFileType = file.storyboard; name = Base; path = Base.lproj/Main.storyboard; sourceTree = "<group>"; };
		D8BFA7B11E99D5D500E31952 /* Assets.xcassets */ = {isa = PBXFileReference; lastKnownFileType = folder.assetcatalog; path = Assets.xcassets; sourceTree = "<group>"; };
		D8BFA7B41E99D5D500E31952 /* Base */ = {isa = PBXFileReference; lastKnownFileType = file.storyboard; name = Base; path = Base.lproj/LaunchScreen.storyboard; sourceTree = "<group>"; };
		D8BFA7B61E99D5D500E31952 /* Info.plist */ = {isa = PBXFileReference; lastKnownFileType = text.plist.xml; path = Info.plist; sourceTree = "<group>"; };
		D8BFA7BE1E99DA1900E31952 /* InputViewController.swift */ = {isa = PBXFileReference; fileEncoding = 4; lastKnownFileType = sourcecode.swift; path = InputViewController.swift; sourceTree = "<group>"; };
		D8BFA7C01E99DEFF00E31952 /* Task.swift */ = {isa = PBXFileReference; fileEncoding = 4; lastKnownFileType = sourcecode.swift; path = Task.swift; sourceTree = "<group>"; };
		F2C6FACFD3FA98E40B4C9E4D /* Pods-taskapp.debug.xcconfig */ = {isa = PBXFileReference; includeInIndex = 1; lastKnownFileType = text.xcconfig; name = "Pods-taskapp.debug.xcconfig"; path = "Pods/Target Support Files/Pods-taskapp/Pods-taskapp.debug.xcconfig"; sourceTree = "<group>"; };
/* End PBXFileReference section */

/* Begin PBXFrameworksBuildPhase section */
		D8BFA7A41E99D5D500E31952 /* Frameworks */ = {
			isa = PBXFrameworksBuildPhase;
			buildActionMask = 2147483647;
			files = (
				4CAF4140D992528BD746CE29 /* Pods_taskapp.framework in Frameworks */,
			);
			runOnlyForDeploymentPostprocessing = 0;
		};
/* End PBXFrameworksBuildPhase section */

/* Begin PBXGroup section */
		3310DB7A7FE6DC4343306501 /* Frameworks */ = {
			isa = PBXGroup;
			children = (
				32E1A1C7CDB0A535956D0BF9 /* Pods_taskapp.framework */,
			);
			name = Frameworks;
			sourceTree = "<group>";
		};
		B863D6756BA4B398A85FE8C4 /* Pods */ = {
			isa = PBXGroup;
			children = (
				F2C6FACFD3FA98E40B4C9E4D /* Pods-taskapp.debug.xcconfig */,
				2529715D11E2649EDFDB3C72 /* Pods-taskapp.release.xcconfig */,
			);
			name = Pods;
			sourceTree = "<group>";
		};
		D8BFA79E1E99D5D500E31952 = {
			isa = PBXGroup;
			children = (
				D8BFA7A91E99D5D500E31952 /* taskapp */,
				D8BFA7A81E99D5D500E31952 /* Products */,
				B863D6756BA4B398A85FE8C4 /* Pods */,
				3310DB7A7FE6DC4343306501 /* Frameworks */,
			);
			sourceTree = "<group>";
		};
		D8BFA7A81E99D5D500E31952 /* Products */ = {
			isa = PBXGroup;
			children = (
				D8BFA7A71E99D5D500E31952 /* taskapp.app */,
			);
			name = Products;
			sourceTree = "<group>";
		};
		D8BFA7A91E99D5D500E31952 /* taskapp */ = {
			isa = PBXGroup;
			children = (
				D8BFA7AA1E99D5D500E31952 /* AppDelegate.swift */,
				D8BFA7AC1E99D5D500E31952 /* ViewController.swift */,
				D8BFA7AE1E99D5D500E31952 /* Main.storyboard */,
				D8BFA7B11E99D5D500E31952 /* Assets.xcassets */,
				D8BFA7B31E99D5D500E31952 /* LaunchScreen.storyboard */,
				D8BFA7B61E99D5D500E31952 /* Info.plist */,
				D8BFA7BE1E99DA1900E31952 /* InputViewController.swift */,
				D8BFA7C01E99DEFF00E31952 /* Task.swift */,
			);
			path = taskapp;
			sourceTree = "<group>";
		};
/* End PBXGroup section */

/* Begin PBXNativeTarget section */
		D8BFA7A61E99D5D500E31952 /* taskapp */ = {
			isa = PBXNativeTarget;
			buildConfigurationList = D8BFA7B91E99D5D500E31952 /* Build configuration list for PBXNativeTarget "taskapp" */;
			buildPhases = (
				EA7742F78D25E24C0FA535CA /* [CP] Check Pods Manifest.lock */,
				D8BFA7A31E99D5D500E31952 /* Sources */,
				D8BFA7A41E99D5D500E31952 /* Frameworks */,
				D8BFA7A51E99D5D500E31952 /* Resources */,
				120B74369A7220A2CCDC7DCB /* [CP] Embed Pods Frameworks */,
				1F79F9B291E2C499B23A465C /* [CP] Copy Pods Resources */,
			);
			buildRules = (
			);
			dependencies = (
			);
			name = taskapp;
			productName = taskapp;
			productReference = D8BFA7A71E99D5D500E31952 /* taskapp.app */;
			productType = "com.apple.product-type.application";
		};
/* End PBXNativeTarget section */

/* Begin PBXProject section */
		D8BFA79F1E99D5D500E31952 /* Project object */ = {
			isa = PBXProject;
			attributes = {
				LastSwiftUpdateCheck = 0830;
				LastUpgradeCheck = 0830;
				ORGANIZATIONNAME = "Keisuke Takasaki";
				TargetAttributes = {
					D8BFA7A61E99D5D500E31952 = {
						CreatedOnToolsVersion = 8.3;
						ProvisioningStyle = Automatic;
					};
				};
			};
			buildConfigurationList = D8BFA7A21E99D5D500E31952 /* Build configuration list for PBXProject "taskapp" */;
			compatibilityVersion = "Xcode 3.2";
			developmentRegion = English;
			hasScannedForEncodings = 0;
			knownRegions = (
				en,
				Base,
			);
			mainGroup = D8BFA79E1E99D5D500E31952;
			productRefGroup = D8BFA7A81E99D5D500E31952 /* Products */;
			projectDirPath = "";
			projectRoot = "";
			targets = (
				D8BFA7A61E99D5D500E31952 /* taskapp */,
			);
		};
/* End PBXProject section */

/* Begin PBXResourcesBuildPhase section */
		D8BFA7A51E99D5D500E31952 /* Resources */ = {
			isa = PBXResourcesBuildPhase;
			buildActionMask = 2147483647;
			files = (
				D8BFA7B51E99D5D500E31952 /* LaunchScreen.storyboard in Resources */,
				D8BFA7B21E99D5D500E31952 /* Assets.xcassets in Resources */,
				D8BFA7B01E99D5D500E31952 /* Main.storyboard in Resources */,
			);
			runOnlyForDeploymentPostprocessing = 0;
		};
/* End PBXResourcesBuildPhase section */

/* Begin PBXShellScriptBuildPhase section */
		120B74369A7220A2CCDC7DCB /* [CP] Embed Pods Frameworks */ = {
			isa = PBXShellScriptBuildPhase;
			buildActionMask = 2147483647;
			files = (
			);
			inputPaths = (
			);
			name = "[CP] Embed Pods Frameworks";
			outputPaths = (
			);
			runOnlyForDeploymentPostprocessing = 0;
			shellPath = /bin/sh;
			shellScript = "\"${SRCROOT}/Pods/Target Support Files/Pods-taskapp/Pods-taskapp-frameworks.sh\"\n";
			showEnvVarsInLog = 0;
		};
		1F79F9B291E2C499B23A465C /* [CP] Copy Pods Resources */ = {
			isa = PBXShellScriptBuildPhase;
			buildActionMask = 2147483647;
			files = (
			);
			inputPaths = (
			);
			name = "[CP] Copy Pods Resources";
			outputPaths = (
			);
			runOnlyForDeploymentPostprocessing = 0;
			shellPath = /bin/sh;
			shellScript = "\"${SRCROOT}/Pods/Target Support Files/Pods-taskapp/Pods-taskapp-resources.sh\"\n";
			showEnvVarsInLog = 0;
		};
		EA7742F78D25E24C0FA535CA /* [CP] Check Pods Manifest.lock */ = {
			isa = PBXShellScriptBuildPhase;
			buildActionMask = 2147483647;
			files = (
			);
			inputPaths = (
			);
			name = "[CP] Check Pods Manifest.lock";
			outputPaths = (
			);
			runOnlyForDeploymentPostprocessing = 0;
			shellPath = /bin/sh;
			shellScript = "diff \"${PODS_ROOT}/../Podfile.lock\" \"${PODS_ROOT}/Manifest.lock\" > /dev/null\nif [ $? != 0 ] ; then\n    # print error to STDERR\n    echo \"error: The sandbox is not in sync with the Podfile.lock. Run 'pod install' or update your CocoaPods installation.\" >&2\n    exit 1\nfi\n";
			showEnvVarsInLog = 0;
		};
/* End PBXShellScriptBuildPhase section */

/* Begin PBXSourcesBuildPhase section */
		D8BFA7A31E99D5D500E31952 /* Sources */ = {
			isa = PBXSourcesBuildPhase;
			buildActionMask = 2147483647;
			files = (
				D8BFA7C11E99DEFF00E31952 /* Task.swift in Sources */,
				D8BFA7BF1E99DA1900E31952 /* InputViewController.swift in Sources */,
				D8BFA7AD1E99D5D500E31952 /* ViewController.swift in Sources */,
				D8BFA7AB1E99D5D500E31952 /* AppDelegate.swift in Sources */,
			);
			runOnlyForDeploymentPostprocessing = 0;
		};
/* End PBXSourcesBuildPhase section */

/* Begin PBXVariantGroup section */
		D8BFA7AE1E99D5D500E31952 /* Main.storyboard */ = {
			isa = PBXVariantGroup;
			children = (
				D8BFA7AF1E99D5D500E31952 /* Base */,
			);
			name = Main.storyboard;
			sourceTree = "<group>";
		};
		D8BFA7B31E99D5D500E31952 /* LaunchScreen.storyboard */ = {
			isa = PBXVariantGroup;
			children = (
				D8BFA7B41E99D5D500E31952 /* Base */,
			);
			name = LaunchScreen.storyboard;
			sourceTree = "<group>";
		};
/* End PBXVariantGroup section */

/* Begin XCBuildConfiguration section */
		D8BFA7B71E99D5D500E31952 /* Debug */ = {
			isa = XCBuildConfiguration;
			buildSettings = {
				ALWAYS_SEARCH_USER_PATHS = NO;
				CLANG_ANALYZER_NONNULL = YES;
				CLANG_ANALYZER_NUMBER_OBJECT_CONVERSION = YES_AGGRESSIVE;
				CLANG_CXX_LANGUAGE_STANDARD = "gnu++0x";
				CLANG_CXX_LIBRARY = "libc++";
				CLANG_ENABLE_MODULES = YES;
				CLANG_ENABLE_OBJC_ARC = YES;
				CLANG_WARN_BOOL_CONVERSION = YES;
				CLANG_WARN_CONSTANT_CONVERSION = YES;
				CLANG_WARN_DIRECT_OBJC_ISA_USAGE = YES_ERROR;
				CLANG_WARN_DOCUMENTATION_COMMENTS = YES;
				CLANG_WARN_EMPTY_BODY = YES;
				CLANG_WARN_ENUM_CONVERSION = YES;
				CLANG_WARN_INFINITE_RECURSION = YES;
				CLANG_WARN_INT_CONVERSION = YES;
				CLANG_WARN_OBJC_ROOT_CLASS = YES_ERROR;
				CLANG_WARN_SUSPICIOUS_MOVE = YES;
				CLANG_WARN_UNREACHABLE_CODE = YES;
				CLANG_WARN__DUPLICATE_METHOD_MATCH = YES;
				"CODE_SIGN_IDENTITY[sdk=iphoneos*]" = "iPhone Developer";
				COPY_PHASE_STRIP = NO;
				DEBUG_INFORMATION_FORMAT = dwarf;
				ENABLE_STRICT_OBJC_MSGSEND = YES;
				ENABLE_TESTABILITY = YES;
				GCC_C_LANGUAGE_STANDARD = gnu99;
				GCC_DYNAMIC_NO_PIC = NO;
				GCC_NO_COMMON_BLOCKS = YES;
				GCC_OPTIMIZATION_LEVEL = 0;
				GCC_PREPROCESSOR_DEFINITIONS = (
					"DEBUG=1",
					"$(inherited)",
				);
				GCC_WARN_64_TO_32_BIT_CONVERSION = YES;
				GCC_WARN_ABOUT_RETURN_TYPE = YES_ERROR;
				GCC_WARN_UNDECLARED_SELECTOR = YES;
				GCC_WARN_UNINITIALIZED_AUTOS = YES_AGGRESSIVE;
				GCC_WARN_UNUSED_FUNCTION = YES;
				GCC_WARN_UNUSED_VARIABLE = YES;
				IPHONEOS_DEPLOYMENT_TARGET = 10.3;
				MTL_ENABLE_DEBUG_INFO = YES;
				ONLY_ACTIVE_ARCH = YES;
				SDKROOT = iphoneos;
				SWIFT_ACTIVE_COMPILATION_CONDITIONS = DEBUG;
				SWIFT_OPTIMIZATION_LEVEL = "-Onone";
			};
			name = Debug;
		};
		D8BFA7B81E99D5D500E31952 /* Release */ = {
			isa = XCBuildConfiguration;
			buildSettings = {
				ALWAYS_SEARCH_USER_PATHS = NO;
				CLANG_ANALYZER_NONNULL = YES;
				CLANG_ANALYZER_NUMBER_OBJECT_CONVERSION = YES_AGGRESSIVE;
				CLANG_CXX_LANGUAGE_STANDARD = "gnu++0x";
				CLANG_CXX_LIBRARY = "libc++";
				CLANG_ENABLE_MODULES = YES;
				CLANG_ENABLE_OBJC_ARC = YES;
				CLANG_WARN_BOOL_CONVERSION = YES;
				CLANG_WARN_CONSTANT_CONVERSION = YES;
				CLANG_WARN_DIRECT_OBJC_ISA_USAGE = YES_ERROR;
				CLANG_WARN_DOCUMENTATION_COMMENTS = YES;
				CLANG_WARN_EMPTY_BODY = YES;
				CLANG_WARN_ENUM_CONVERSION = YES;
				CLANG_WARN_INFINITE_RECURSION = YES;
				CLANG_WARN_INT_CONVERSION = YES;
				CLANG_WARN_OBJC_ROOT_CLASS = YES_ERROR;
				CLANG_WARN_SUSPICIOUS_MOVE = YES;
				CLANG_WARN_UNREACHABLE_CODE = YES;
				CLANG_WARN__DUPLICATE_METHOD_MATCH = YES;
				"CODE_SIGN_IDENTITY[sdk=iphoneos*]" = "iPhone Developer";
				COPY_PHASE_STRIP = NO;
				DEBUG_INFORMATION_FORMAT = "dwarf-with-dsym";
				ENABLE_NS_ASSERTIONS = NO;
				ENABLE_STRICT_OBJC_MSGSEND = YES;
				GCC_C_LANGUAGE_STANDARD = gnu99;
				GCC_NO_COMMON_BLOCKS = YES;
				GCC_WARN_64_TO_32_BIT_CONVERSION = YES;
				GCC_WARN_ABOUT_RETURN_TYPE = YES_ERROR;
				GCC_WARN_UNDECLARED_SELECTOR = YES;
				GCC_WARN_UNINITIALIZED_AUTOS = YES_AGGRESSIVE;
				GCC_WARN_UNUSED_FUNCTION = YES;
				GCC_WARN_UNUSED_VARIABLE = YES;
				IPHONEOS_DEPLOYMENT_TARGET = 10.3;
				MTL_ENABLE_DEBUG_INFO = NO;
				SDKROOT = iphoneos;
				SWIFT_OPTIMIZATION_LEVEL = "-Owholemodule";
				VALIDATE_PRODUCT = YES;
			};
			name = Release;
		};
		D8BFA7BA1E99D5D500E31952 /* Debug */ = {
			isa = XCBuildConfiguration;
			baseConfigurationReference = F2C6FACFD3FA98E40B4C9E4D /* Pods-taskapp.debug.xcconfig */;
			buildSettings = {
				ASSETCATALOG_COMPILER_APPICON_NAME = AppIcon;
				INFOPLIST_FILE = taskapp/Info.plist;
				LD_RUNPATH_SEARCH_PATHS = "$(inherited) @executable_path/Frameworks";
				PRODUCT_BUNDLE_IDENTIFIER = jp.techacademy.ktakasaki.taskapp;
				PRODUCT_NAME = "$(TARGET_NAME)";
				SWIFT_VERSION = 3.0;
			};
			name = Debug;
		};
		D8BFA7BB1E99D5D500E31952 /* Release */ = {
			isa = XCBuildConfiguration;
			baseConfigurationReference = 2529715D11E2649EDFDB3C72 /* Pods-taskapp.release.xcconfig */;
			buildSettings = {
				ASSETCATALOG_COMPILER_APPICON_NAME = AppIcon;
				INFOPLIST_FILE = taskapp/Info.plist;
				LD_RUNPATH_SEARCH_PATHS = "$(inherited) @executable_path/Frameworks";
				PRODUCT_BUNDLE_IDENTIFIER = jp.techacademy.ktakasaki.taskapp;
				PRODUCT_NAME = "$(TARGET_NAME)";
				SWIFT_VERSION = 3.0;
			};
			name = Release;
		};
/* End XCBuildConfiguration section */

/* Begin XCConfigurationList section */
		D8BFA7A21E99D5D500E31952 /* Build configuration list for PBXProject "taskapp" */ = {
			isa = XCConfigurationList;
			buildConfigurations = (
				D8BFA7B71E99D5D500E31952 /* Debug */,
				D8BFA7B81E99D5D500E31952 /* Release */,
			);
			defaultConfigurationIsVisible = 0;
			defaultConfigurationName = Release;
		};
		D8BFA7B91E99D5D500E31952 /* Build configuration list for PBXNativeTarget "taskapp" */ = {
			isa = XCConfigurationList;
			buildConfigurations = (
				D8BFA7BA1E99D5D500E31952 /* Debug */,
				D8BFA7BB1E99D5D500E31952 /* Release */,
			);
			defaultConfigurationIsVisible = 0;
			defaultConfigurationName = Release;
		};
/* End XCConfigurationList section */
	};
	rootObject = D8BFA79F1E99D5D500E31952 /* Project object */;
}
